
Microsoft Visual Studio Solution File, Format Version 11.00
# Visual Studio 2010
Project("{FAE04EC0-301F-11D3-BF4B-00C04F79EFBC}") = "Assembly-CSharp", "Assembly-CSharp.csproj", "{f1500445-a8bb-981d-5cc6-b574985e7cd9}"
EndProject
Project("{FAE04EC0-301F-11D3-BF4B-00C04F79EFBC}") = "Assembly-CSharp-Editor", "Assembly-CSharp-Editor.csproj", "{14ea068a-00b7-c315-1fe9-865d7e6bbfab}"
EndProject
Global
	GlobalSection(SolutionConfigurationPlatforms) = preSolution
		Debug|Any CPU = Debug|Any CPU
	EndGlobalSection
	GlobalSection(ProjectConfigurationPlatforms) = postSolution
		{f1500445-a8bb-981d-5cc6-b574985e7cd9}.Debug|Any CPU.ActiveCfg = Debug|Any CPU
		{f1500445-a8bb-981d-5cc6-b574985e7cd9}.Debug|Any CPU.Build.0 = Debug|Any CPU
		{14ea068a-00b7-c315-1fe9-865d7e6bbfab}.Debug|Any CPU.ActiveCfg = Debug|Any CPU
		{14ea068a-00b7-c315-1fe9-865d7e6bbfab}.Debug|Any CPU.Build.0 = Debug|Any CPU
	EndGlobalSection
	GlobalSection(SolutionProperties) = preSolution
		HideSolutionNode = FALSE
	EndGlobalSection
EndGlobal
